// !$*UTF8*$!
{
	archiveVersion = 1;
	classes = {
	};
	objectVersion = 50;
	objects = {

/* Begin PBXBuildFile section */
		DE4C381827A6467D00BCCEB9 /* AppDelegate.swift in Sources */ = {isa = PBXBuildFile; fileRef = DE4C381727A6467D00BCCEB9 /* AppDelegate.swift */; };
		DE4C381A27A6467D00BCCEB9 /* SceneDelegate.swift in Sources */ = {isa = PBXBuildFile; fileRef = DE4C381927A6467D00BCCEB9 /* SceneDelegate.swift */; };
		DE4C381F27A6467D00BCCEB9 /* Main.storyboard in Resources */ = {isa = PBXBuildFile; fileRef = DE4C381D27A6467D00BCCEB9 /* Main.storyboard */; };
		DE4C382127A6467D00BCCEB9 /* Assets.xcassets in Resources */ = {isa = PBXBuildFile; fileRef = DE4C382027A6467D00BCCEB9 /* Assets.xcassets */; };
		DE4C382427A6467D00BCCEB9 /* LaunchScreen.storyboard in Resources */ = {isa = PBXBuildFile; fileRef = DE4C382227A6467D00BCCEB9 /* LaunchScreen.storyboard */; };
		DE4C382F27A64AA800BCCEB9 /* OnboardingViewController.swift in Sources */ = {isa = PBXBuildFile; fileRef = DE4C382E27A64AA800BCCEB9 /* OnboardingViewController.swift */; };
		DE4C383427A64D4E00BCCEB9 /* Extensions.swift in Sources */ = {isa = PBXBuildFile; fileRef = DE4C383327A64D4E00BCCEB9 /* Extensions.swift */; };
		DE4C383927A64E5A00BCCEB9 /* OnboardingSlide.swift in Sources */ = {isa = PBXBuildFile; fileRef = DE4C383827A64E5A00BCCEB9 /* OnboardingSlide.swift */; };
		DE4C383F27A6516000BCCEB9 /* OnboardingCollectionViewCell.swift in Sources */ = {isa = PBXBuildFile; fileRef = DE4C383E27A6516000BCCEB9 /* OnboardingCollectionViewCell.swift */; };
/* End PBXBuildFile section */

/* Begin PBXFileReference section */
		DE4C381427A6467D00BCCEB9 /* Yummie Food App.app */ = {isa = PBXFileReference; explicitFileType = wrapper.application; includeInIndex = 0; path = "Yummie Food App.app"; sourceTree = BUILT_PRODUCTS_DIR; };
		DE4C381727A6467D00BCCEB9 /* AppDelegate.swift */ = {isa = PBXFileReference; lastKnownFileType = sourcecode.swift; path = AppDelegate.swift; sourceTree = "<group>"; };
		DE4C381927A6467D00BCCEB9 /* SceneDelegate.swift */ = {isa = PBXFileReference; lastKnownFileType = sourcecode.swift; path = SceneDelegate.swift; sourceTree = "<group>"; };
		DE4C381E27A6467D00BCCEB9 /* Base */ = {isa = PBXFileReference; lastKnownFileType = file.storyboard; name = Base; path = Base.lproj/Main.storyboard; sourceTree = "<group>"; };
		DE4C382027A6467D00BCCEB9 /* Assets.xcassets */ = {isa = PBXFileReference; lastKnownFileType = folder.assetcatalog; path = Assets.xcassets; sourceTree = "<group>"; };
		DE4C382327A6467D00BCCEB9 /* Base */ = {isa = PBXFileReference; lastKnownFileType = file.storyboard; name = Base; path = Base.lproj/LaunchScreen.storyboard; sourceTree = "<group>"; };
		DE4C382527A6467D00BCCEB9 /* Info.plist */ = {isa = PBXFileReference; lastKnownFileType = text.plist.xml; path = Info.plist; sourceTree = "<group>"; };
		DE4C382E27A64AA800BCCEB9 /* OnboardingViewController.swift */ = {isa = PBXFileReference; lastKnownFileType = sourcecode.swift; path = OnboardingViewController.swift; sourceTree = "<group>"; };
		DE4C383327A64D4E00BCCEB9 /* Extensions.swift */ = {isa = PBXFileReference; lastKnownFileType = sourcecode.swift; name = Extensions.swift; path = ../../../../Extensions.swift; sourceTree = "<group>"; };
		DE4C383827A64E5A00BCCEB9 /* OnboardingSlide.swift */ = {isa = PBXFileReference; lastKnownFileType = sourcecode.swift; path = OnboardingSlide.swift; sourceTree = "<group>"; };
		DE4C383E27A6516000BCCEB9 /* OnboardingCollectionViewCell.swift */ = {isa = PBXFileReference; lastKnownFileType = sourcecode.swift; path = OnboardingCollectionViewCell.swift; sourceTree = "<group>"; };
/* End PBXFileReference section */

/* Begin PBXFrameworksBuildPhase section */
		DE4C381127A6467D00BCCEB9 /* Frameworks */ = {
			isa = PBXFrameworksBuildPhase;
			buildActionMask = 2147483647;
			files = (
			);
			runOnlyForDeploymentPostprocessing = 0;
		};
/* End PBXFrameworksBuildPhase section */

/* Begin PBXGroup section */
		DE4C380B27A6467D00BCCEB9 = {
			isa = PBXGroup;
			children = (
				DE4C381627A6467D00BCCEB9 /* Yummie Food App */,
				DE4C381527A6467D00BCCEB9 /* Products */,
			);
			sourceTree = "<group>";
		};
		DE4C381527A6467D00BCCEB9 /* Products */ = {
			isa = PBXGroup;
			children = (
				DE4C381427A6467D00BCCEB9 /* Yummie Food App.app */,
			);
			name = Products;
			sourceTree = "<group>";
		};
		DE4C381627A6467D00BCCEB9 /* Yummie Food App */ = {
			isa = PBXGroup;
			children = (
				DE4C383227A64D3A00BCCEB9 /* Extensions */,
				DE4C382C27A64A9200BCCEB9 /* Views */,
				DE4C383627A64E3E00BCCEB9 /* Models */,
				DE4C381727A6467D00BCCEB9 /* AppDelegate.swift */,
				DE4C381927A6467D00BCCEB9 /* SceneDelegate.swift */,
				DE4C381D27A6467D00BCCEB9 /* Main.storyboard */,
				DE4C382027A6467D00BCCEB9 /* Assets.xcassets */,
				DE4C382227A6467D00BCCEB9 /* LaunchScreen.storyboard */,
				DE4C382527A6467D00BCCEB9 /* Info.plist */,
			);
			path = "Yummie Food App";
			sourceTree = "<group>";
		};
		DE4C382C27A64A9200BCCEB9 /* Views */ = {
			isa = PBXGroup;
			children = (
				DE4C382D27A64A9900BCCEB9 /* Onboarding */,
			);
			path = Views;
			sourceTree = "<group>";
		};
		DE4C382D27A64A9900BCCEB9 /* Onboarding */ = {
			isa = PBXGroup;
			children = (
				DE4C383D27A6514900BCCEB9 /* Cells */,
				DE4C383B27A6513F00BCCEB9 /* Controller */,
			);
			path = Onboarding;
			sourceTree = "<group>";
		};
		DE4C383227A64D3A00BCCEB9 /* Extensions */ = {
			isa = PBXGroup;
			children = (
				DE4C383327A64D4E00BCCEB9 /* Extensions.swift */,
			);
			path = Extensions;
			sourceTree = "<group>";
		};
		DE4C383627A64E3E00BCCEB9 /* Models */ = {
			isa = PBXGroup;
			children = (
				DE4C383727A64E4600BCCEB9 /* Onboarding */,
			);
			path = Models;
			sourceTree = "<group>";
		};
		DE4C383727A64E4600BCCEB9 /* Onboarding */ = {
			isa = PBXGroup;
			children = (
				DE4C383827A64E5A00BCCEB9 /* OnboardingSlide.swift */,
			);
			path = Onboarding;
			sourceTree = "<group>";
		};
		DE4C383B27A6513F00BCCEB9 /* Controller */ = {
			isa = PBXGroup;
			children = (
				DE4C382E27A64AA800BCCEB9 /* OnboardingViewController.swift */,
			);
			path = Controller;
			sourceTree = "<group>";
		};
		DE4C383D27A6514900BCCEB9 /* Cells */ = {
			isa = PBXGroup;
			children = (
				DE4C383E27A6516000BCCEB9 /* OnboardingCollectionViewCell.swift */,
			);
			path = Cells;
			sourceTree = "<group>";
		};
/* End PBXGroup section */

/* Begin PBXNativeTarget section */
		DE4C381327A6467D00BCCEB9 /* Yummie Food App */ = {
			isa = PBXNativeTarget;
			buildConfigurationList = DE4C382827A6467D00BCCEB9 /* Build configuration list for PBXNativeTarget "Yummie Food App" */;
			buildPhases = (
				DE4C381027A6467D00BCCEB9 /* Sources */,
				DE4C381127A6467D00BCCEB9 /* Frameworks */,
				DE4C381227A6467D00BCCEB9 /* Resources */,
			);
			buildRules = (
			);
			dependencies = (
			);
			name = "Yummie Food App";
			productName = "Yummie Food App";
			productReference = DE4C381427A6467D00BCCEB9 /* Yummie Food App.app */;
			productType = "com.apple.product-type.application";
		};
/* End PBXNativeTarget section */

/* Begin PBXProject section */
		DE4C380C27A6467D00BCCEB9 /* Project object */ = {
			isa = PBXProject;
			attributes = {
				LastSwiftUpdateCheck = 1230;
				LastUpgradeCheck = 1230;
				TargetAttributes = {
					DE4C381327A6467D00BCCEB9 = {
						CreatedOnToolsVersion = 12.3;
					};
				};
			};
			buildConfigurationList = DE4C380F27A6467D00BCCEB9 /* Build configuration list for PBXProject "Yummie Food App" */;
			compatibilityVersion = "Xcode 9.3";
			developmentRegion = en;
			hasScannedForEncodings = 0;
			knownRegions = (
				en,
				Base,
			);
			mainGroup = DE4C380B27A6467D00BCCEB9;
			productRefGroup = DE4C381527A6467D00BCCEB9 /* Products */;
			projectDirPath = "";
			projectRoot = "";
			targets = (
				DE4C381327A6467D00BCCEB9 /* Yummie Food App */,
			);
		};
/* End PBXProject section */

/* Begin PBXResourcesBuildPhase section */
		DE4C381227A6467D00BCCEB9 /* Resources */ = {
			isa = PBXResourcesBuildPhase;
			buildActionMask = 2147483647;
			files = (
				DE4C382427A6467D00BCCEB9 /* LaunchScreen.storyboard in Resources */,
				DE4C382127A6467D00BCCEB9 /* Assets.xcassets in Resources */,
				DE4C381F27A6467D00BCCEB9 /* Main.storyboard in Resources */,
			);
			runOnlyForDeploymentPostprocessing = 0;
		};
/* End PBXResourcesBuildPhase section */

/* Begin PBXSourcesBuildPhase section */
		DE4C381027A6467D00BCCEB9 /* Sources */ = {
			isa = PBXSourcesBuildPhase;
			buildActionMask = 2147483647;
			files = (
				DE4C383927A64E5A00BCCEB9 /* OnboardingSlide.swift in Sources */,
				DE4C381827A6467D00BCCEB9 /* AppDelegate.swift in Sources */,
				DE4C381A27A6467D00BCCEB9 /* SceneDelegate.swift in Sources */,
				DE4C382F27A64AA800BCCEB9 /* OnboardingViewController.swift in Sources */,
				DE4C383427A64D4E00BCCEB9 /* Extensions.swift in Sources */,
				DE4C383F27A6516000BCCEB9 /* OnboardingCollectionViewCell.swift in Sources */,
			);
			runOnlyForDeploymentPostprocessing = 0;
		};
/* End PBXSourcesBuildPhase section */

/* Begin PBXVariantGroup section */
		DE4C381D27A6467D00BCCEB9 /* Main.storyboard */ = {
			isa = PBXVariantGroup;
			children = (
				DE4C381E27A6467D00BCCEB9 /* Base */,
			);
			name = Main.storyboard;
			sourceTree = "<group>";
		};
		DE4C382227A6467D00BCCEB9 /* LaunchScreen.storyboard */ = {
			isa = PBXVariantGroup;
			children = (
				DE4C382327A6467D00BCCEB9 /* Base */,
			);
			name = LaunchScreen.storyboard;
			sourceTree = "<group>";
		};
/* End PBXVariantGroup section */

/* Begin XCBuildConfiguration section */
		DE4C382627A6467D00BCCEB9 /* Debug */ = {
			isa = XCBuildConfiguration;
			buildSettings = {
				ALWAYS_SEARCH_USER_PATHS = NO;
				CLANG_ANALYZER_NONNULL = YES;
				CLANG_ANALYZER_NUMBER_OBJECT_CONVERSION = YES_AGGRESSIVE;
				CLANG_CXX_LANGUAGE_STANDARD = "gnu++14";
				CLANG_CXX_LIBRARY = "libc++";
				CLANG_ENABLE_MODULES = YES;
				CLANG_ENABLE_OBJC_ARC = YES;
				CLANG_ENABLE_OBJC_WEAK = YES;
				CLANG_WARN_BLOCK_CAPTURE_AUTORELEASING = YES;
				CLANG_WARN_BOOL_CONVERSION = YES;
				CLANG_WARN_COMMA = YES;
				CLANG_WARN_CONSTANT_CONVERSION = YES;
				CLANG_WARN_DEPRECATED_OBJC_IMPLEMENTATIONS = YES;
				CLANG_WARN_DIRECT_OBJC_ISA_USAGE = YES_ERROR;
				CLANG_WARN_DOCUMENTATION_COMMENTS = YES;
				CLANG_WARN_EMPTY_BODY = YES;
				CLANG_WARN_ENUM_CONVERSION = YES;
				CLANG_WARN_INFINITE_RECURSION = YES;
				CLANG_WARN_INT_CONVERSION = YES;
				CLANG_WARN_NON_LITERAL_NULL_CONVERSION = YES;
				CLANG_WARN_OBJC_IMPLICIT_RETAIN_SELF = YES;
				CLANG_WARN_OBJC_LITERAL_CONVERSION = YES;
				CLANG_WARN_OBJC_ROOT_CLASS = YES_ERROR;
				CLANG_WARN_QUOTED_INCLUDE_IN_FRAMEWORK_HEADER = YES;
				CLANG_WARN_RANGE_LOOP_ANALYSIS = YES;
				CLANG_WARN_STRICT_PROTOTYPES = YES;
				CLANG_WARN_SUSPICIOUS_MOVE = YES;
				CLANG_WARN_UNGUARDED_AVAILABILITY = YES_AGGRESSIVE;
				CLANG_WARN_UNREACHABLE_CODE = YES;
				CLANG_WARN__DUPLICATE_METHOD_MATCH = YES;
				COPY_PHASE_STRIP = NO;
				DEBUG_INFORMATION_FORMAT = dwarf;
				ENABLE_STRICT_OBJC_MSGSEND = YES;
				ENABLE_TESTABILITY = YES;
				GCC_C_LANGUAGE_STANDARD = gnu11;
				GCC_DYNAMIC_NO_PIC = NO;
				GCC_NO_COMMON_BLOCKS = YES;
				GCC_OPTIMIZATION_LEVEL = 0;
				GCC_PREPROCESSOR_DEFINITIONS = (
					"DEBUG=1",
					"$(inherited)",
				);
				GCC_WARN_64_TO_32_BIT_CONVERSION = YES;
				GCC_WARN_ABOUT_RETURN_TYPE = YES_ERROR;
				GCC_WARN_UNDECLARED_SELECTOR = YES;
				GCC_WARN_UNINITIALIZED_AUTOS = YES_AGGRESSIVE;
				GCC_WARN_UNUSED_FUNCTION = YES;
				GCC_WARN_UNUSED_VARIABLE = YES;
				IPHONEOS_DEPLOYMENT_TARGET = 14.3;
				MTL_ENABLE_DEBUG_INFO = INCLUDE_SOURCE;
				MTL_FAST_MATH = YES;
				ONLY_ACTIVE_ARCH = YES;
				SDKROOT = iphoneos;
				SWIFT_ACTIVE_COMPILATION_CONDITIONS = DEBUG;
				SWIFT_OPTIMIZATION_LEVEL = "-Onone";
			};
			name = Debug;
		};
		DE4C382727A6467D00BCCEB9 /* Release */ = {
			isa = XCBuildConfiguration;
			buildSettings = {
				ALWAYS_SEARCH_USER_PATHS = NO;
				CLANG_ANALYZER_NONNULL = YES;
				CLANG_ANALYZER_NUMBER_OBJECT_CONVERSION = YES_AGGRESSIVE;
				CLANG_CXX_LANGUAGE_STANDARD = "gnu++14";
				CLANG_CXX_LIBRARY = "libc++";
				CLANG_ENABLE_MODULES = YES;
				CLANG_ENABLE_OBJC_ARC = YES;
				CLANG_ENABLE_OBJC_WEAK = YES;
				CLANG_WARN_BLOCK_CAPTURE_AUTORELEASING = YES;
				CLANG_WARN_BOOL_CONVERSION = YES;
				CLANG_WARN_COMMA = YES;
				CLANG_WARN_CONSTANT_CONVERSION = YES;
				CLANG_WARN_DEPRECATED_OBJC_IMPLEMENTATIONS = YES;
				CLANG_WARN_DIRECT_OBJC_ISA_USAGE = YES_ERROR;
				CLANG_WARN_DOCUMENTATION_COMMENTS = YES;
				CLANG_WARN_EMPTY_BODY = YES;
				CLANG_WARN_ENUM_CONVERSION = YES;
				CLANG_WARN_INFINITE_RECURSION = YES;
				CLANG_WARN_INT_CONVERSION = YES;
				CLANG_WARN_NON_LITERAL_NULL_CONVERSION = YES;
				CLANG_WARN_OBJC_IMPLICIT_RETAIN_SELF = YES;
				CLANG_WARN_OBJC_LITERAL_CONVERSION = YES;
				CLANG_WARN_OBJC_ROOT_CLASS = YES_ERROR;
				CLANG_WARN_QUOTED_INCLUDE_IN_FRAMEWORK_HEADER = YES;
				CLANG_WARN_RANGE_LOOP_ANALYSIS = YES;
				CLANG_WARN_STRICT_PROTOTYPES = YES;
				CLANG_WARN_SUSPICIOUS_MOVE = YES;
				CLANG_WARN_UNGUARDED_AVAILABILITY = YES_AGGRESSIVE;
				CLANG_WARN_UNREACHABLE_CODE = YES;
				CLANG_WARN__DUPLICATE_METHOD_MATCH = YES;
				COPY_PHASE_STRIP = NO;
				DEBUG_INFORMATION_FORMAT = "dwarf-with-dsym";
				ENABLE_NS_ASSERTIONS = NO;
				ENABLE_STRICT_OBJC_MSGSEND = YES;
				GCC_C_LANGUAGE_STANDARD = gnu11;
				GCC_NO_COMMON_BLOCKS = YES;
				GCC_WARN_64_TO_32_BIT_CONVERSION = YES;
				GCC_WARN_ABOUT_RETURN_TYPE = YES_ERROR;
				GCC_WARN_UNDECLARED_SELECTOR = YES;
				GCC_WARN_UNINITIALIZED_AUTOS = YES_AGGRESSIVE;
				GCC_WARN_UNUSED_FUNCTION = YES;
				GCC_WARN_UNUSED_VARIABLE = YES;
				IPHONEOS_DEPLOYMENT_TARGET = 14.3;
				MTL_ENABLE_DEBUG_INFO = NO;
				MTL_FAST_MATH = YES;
				SDKROOT = iphoneos;
				SWIFT_COMPILATION_MODE = wholemodule;
				SWIFT_OPTIMIZATION_LEVEL = "-O";
				VALIDATE_PRODUCT = YES;
			};
			name = Release;
		};
		DE4C382927A6467D00BCCEB9 /* Debug */ = {
			isa = XCBuildConfiguration;
			buildSettings = {
				ASSETCATALOG_COMPILER_APPICON_NAME = AppIcon;
				ASSETCATALOG_COMPILER_GLOBAL_ACCENT_COLOR_NAME = AccentColor;
				CODE_SIGN_STYLE = Automatic;
				DEVELOPMENT_TEAM = S59B8CL687;
				INFOPLIST_FILE = "Yummie Food App/Info.plist";
				LD_RUNPATH_SEARCH_PATHS = (
					"$(inherited)",
					"@executable_path/Frameworks",
				);
				PRODUCT_BUNDLE_IDENTIFIER = "com.adwait.yummie.Yummie-Food-App";
				PRODUCT_NAME = "$(TARGET_NAME)";
				SWIFT_VERSION = 5.0;
				TARGETED_DEVICE_FAMILY = "1,2";
			};
			name = Debug;
		};
		DE4C382A27A6467D00BCCEB9 /* Release */ = {
			isa = XCBuildConfiguration;
			buildSettings = {
				ASSETCATALOG_COMPILER_APPICON_NAME = AppIcon;
				ASSETCATALOG_COMPILER_GLOBAL_ACCENT_COLOR_NAME = AccentColor;
				CODE_SIGN_STYLE = Automatic;
				DEVELOPMENT_TEAM = S59B8CL687;
				INFOPLIST_FILE = "Yummie Food App/Info.plist";
				LD_RUNPATH_SEARCH_PATHS = (
					"$(inherited)",
					"@executable_path/Frameworks",
				);
				PRODUCT_BUNDLE_IDENTIFIER = "com.adwait.yummie.Yummie-Food-App";
				PRODUCT_NAME = "$(TARGET_NAME)";
				SWIFT_VERSION = 5.0;
				TARGETED_DEVICE_FAMILY = "1,2";
			};
			name = Release;
		};
/* End XCBuildConfiguration section */

/* Begin XCConfigurationList section */
		DE4C380F27A6467D00BCCEB9 /* Build configuration list for PBXProject "Yummie Food App" */ = {
			isa = XCConfigurationList;
			buildConfigurations = (
				DE4C382627A6467D00BCCEB9 /* Debug */,
				DE4C382727A6467D00BCCEB9 /* Release */,
			);
			defaultConfigurationIsVisible = 0;
			defaultConfigurationName = Release;
		};
		DE4C382827A6467D00BCCEB9 /* Build configuration list for PBXNativeTarget "Yummie Food App" */ = {
			isa = XCConfigurationList;
			buildConfigurations = (
				DE4C382927A6467D00BCCEB9 /* Debug */,
				DE4C382A27A6467D00BCCEB9 /* Release */,
			);
			defaultConfigurationIsVisible = 0;
			defaultConfigurationName = Release;
		};
/* End XCConfigurationList section */
	};
	rootObject = DE4C380C27A6467D00BCCEB9 /* Project object */;
}
